// !$*UTF8*$!
{
	archiveVersion = 1;
	classes = {
	};
	objectVersion = 56;
	objects = {

/* Begin PBXBuildFile section */
		0724EC52DFC497AD3C82AFDF /* Pods_iOS_messenger.framework in Frameworks */ = {isa = PBXBuildFile; fileRef = 038618FBA2B5A10FB8340B69 /* Pods_iOS_messenger.framework */; };
		763BB34329FE4CD4001D296D /* GoogleService-Info.plist in Resources */ = {isa = PBXBuildFile; fileRef = 763BB34229FE4CD4001D296D /* GoogleService-Info.plist */; };
		7665762B29FBA18800B1EC73 /* AppDelegate.swift in Sources */ = {isa = PBXBuildFile; fileRef = 7665762A29FBA18800B1EC73 /* AppDelegate.swift */; };
		7665762D29FBA18800B1EC73 /* SceneDelegate.swift in Sources */ = {isa = PBXBuildFile; fileRef = 7665762C29FBA18800B1EC73 /* SceneDelegate.swift */; };
		7665762F29FBA18800B1EC73 /* ConversationsViewController.swift in Sources */ = {isa = PBXBuildFile; fileRef = 7665762E29FBA18800B1EC73 /* ConversationsViewController.swift */; };
		7665763229FBA18800B1EC73 /* Main.storyboard in Resources */ = {isa = PBXBuildFile; fileRef = 7665763029FBA18800B1EC73 /* Main.storyboard */; };
		7665763429FBA18A00B1EC73 /* Assets.xcassets in Resources */ = {isa = PBXBuildFile; fileRef = 7665763329FBA18A00B1EC73 /* Assets.xcassets */; };
		7665763729FBA18A00B1EC73 /* LaunchScreen.storyboard in Resources */ = {isa = PBXBuildFile; fileRef = 7665763529FBA18A00B1EC73 /* LaunchScreen.storyboard */; };
		7665764529FBA31000B1EC73 /* LoginViewController.swift in Sources */ = {isa = PBXBuildFile; fileRef = 7665764429FBA31000B1EC73 /* LoginViewController.swift */; };
		7665764729FBA32700B1EC73 /* RegisterViewController.swift in Sources */ = {isa = PBXBuildFile; fileRef = 7665764629FBA32700B1EC73 /* RegisterViewController.swift */; };
		7665764929FBA34600B1EC73 /* PhotoViewerViewController.swift in Sources */ = {isa = PBXBuildFile; fileRef = 7665764829FBA34600B1EC73 /* PhotoViewerViewController.swift */; };
		7665764B29FBA35B00B1EC73 /* VideoPlayerViewController.swift in Sources */ = {isa = PBXBuildFile; fileRef = 7665764A29FBA35B00B1EC73 /* VideoPlayerViewController.swift */; };
		7665764D29FBA37E00B1EC73 /* NewConversationViewController.swift in Sources */ = {isa = PBXBuildFile; fileRef = 7665764C29FBA37E00B1EC73 /* NewConversationViewController.swift */; };
		7665764F29FBA39200B1EC73 /* ProfileViewController.swift in Sources */ = {isa = PBXBuildFile; fileRef = 7665764E29FBA39200B1EC73 /* ProfileViewController.swift */; };
		7665765229FC4F4900B1EC73 /* Extensions.swift in Sources */ = {isa = PBXBuildFile; fileRef = 7665765129FC4F4900B1EC73 /* Extensions.swift */; };
/* End PBXBuildFile section */

/* Begin PBXFileReference section */
		038618FBA2B5A10FB8340B69 /* Pods_iOS_messenger.framework */ = {isa = PBXFileReference; explicitFileType = wrapper.framework; includeInIndex = 0; path = Pods_iOS_messenger.framework; sourceTree = BUILT_PRODUCTS_DIR; };
		763BB34229FE4CD4001D296D /* GoogleService-Info.plist */ = {isa = PBXFileReference; fileEncoding = 4; lastKnownFileType = text.plist.xml; name = "GoogleService-Info.plist"; path = "../../../../../Downloads/GoogleService-Info.plist"; sourceTree = "<group>"; };
		7665762729FBA18800B1EC73 /* iOS_messenger.app */ = {isa = PBXFileReference; explicitFileType = wrapper.application; includeInIndex = 0; path = iOS_messenger.app; sourceTree = BUILT_PRODUCTS_DIR; };
		7665762A29FBA18800B1EC73 /* AppDelegate.swift */ = {isa = PBXFileReference; lastKnownFileType = sourcecode.swift; path = AppDelegate.swift; sourceTree = "<group>"; };
		7665762C29FBA18800B1EC73 /* SceneDelegate.swift */ = {isa = PBXFileReference; lastKnownFileType = sourcecode.swift; path = SceneDelegate.swift; sourceTree = "<group>"; };
		7665762E29FBA18800B1EC73 /* ConversationsViewController.swift */ = {isa = PBXFileReference; lastKnownFileType = sourcecode.swift; path = ConversationsViewController.swift; sourceTree = "<group>"; };
		7665763129FBA18800B1EC73 /* Base */ = {isa = PBXFileReference; lastKnownFileType = file.storyboard; name = Base; path = Base.lproj/Main.storyboard; sourceTree = "<group>"; };
		7665763329FBA18A00B1EC73 /* Assets.xcassets */ = {isa = PBXFileReference; lastKnownFileType = folder.assetcatalog; path = Assets.xcassets; sourceTree = "<group>"; };
		7665763629FBA18A00B1EC73 /* Base */ = {isa = PBXFileReference; lastKnownFileType = file.storyboard; name = Base; path = Base.lproj/LaunchScreen.storyboard; sourceTree = "<group>"; };
		7665763829FBA18A00B1EC73 /* Info.plist */ = {isa = PBXFileReference; lastKnownFileType = text.plist.xml; path = Info.plist; sourceTree = "<group>"; };
		7665764429FBA31000B1EC73 /* LoginViewController.swift */ = {isa = PBXFileReference; lastKnownFileType = sourcecode.swift; path = LoginViewController.swift; sourceTree = "<group>"; };
		7665764629FBA32700B1EC73 /* RegisterViewController.swift */ = {isa = PBXFileReference; lastKnownFileType = sourcecode.swift; path = RegisterViewController.swift; sourceTree = "<group>"; };
		7665764829FBA34600B1EC73 /* PhotoViewerViewController.swift */ = {isa = PBXFileReference; lastKnownFileType = sourcecode.swift; path = PhotoViewerViewController.swift; sourceTree = "<group>"; };
		7665764A29FBA35B00B1EC73 /* VideoPlayerViewController.swift */ = {isa = PBXFileReference; lastKnownFileType = sourcecode.swift; path = VideoPlayerViewController.swift; sourceTree = "<group>"; };
		7665764C29FBA37E00B1EC73 /* NewConversationViewController.swift */ = {isa = PBXFileReference; lastKnownFileType = sourcecode.swift; path = NewConversationViewController.swift; sourceTree = "<group>"; };
		7665764E29FBA39200B1EC73 /* ProfileViewController.swift */ = {isa = PBXFileReference; lastKnownFileType = sourcecode.swift; path = ProfileViewController.swift; sourceTree = "<group>"; };
		7665765129FC4F4900B1EC73 /* Extensions.swift */ = {isa = PBXFileReference; lastKnownFileType = sourcecode.swift; path = Extensions.swift; sourceTree = "<group>"; };
		B53747C71D05F25223AD642C /* Pods-iOS_messenger.release.xcconfig */ = {isa = PBXFileReference; includeInIndex = 1; lastKnownFileType = text.xcconfig; name = "Pods-iOS_messenger.release.xcconfig"; path = "Target Support Files/Pods-iOS_messenger/Pods-iOS_messenger.release.xcconfig"; sourceTree = "<group>"; };
		EB5020F54F0914A52AAC6E8D /* Pods-iOS_messenger.debug.xcconfig */ = {isa = PBXFileReference; includeInIndex = 1; lastKnownFileType = text.xcconfig; name = "Pods-iOS_messenger.debug.xcconfig"; path = "Target Support Files/Pods-iOS_messenger/Pods-iOS_messenger.debug.xcconfig"; sourceTree = "<group>"; };
/* End PBXFileReference section */

/* Begin PBXFrameworksBuildPhase section */
		7665762429FBA18800B1EC73 /* Frameworks */ = {
			isa = PBXFrameworksBuildPhase;
			buildActionMask = 2147483647;
			files = (
				0724EC52DFC497AD3C82AFDF /* Pods_iOS_messenger.framework in Frameworks */,
			);
			runOnlyForDeploymentPostprocessing = 0;
		};
/* End PBXFrameworksBuildPhase section */

/* Begin PBXGroup section */
		63D79DC916130D3656FD5497 /* Frameworks */ = {
			isa = PBXGroup;
			children = (
				038618FBA2B5A10FB8340B69 /* Pods_iOS_messenger.framework */,
			);
			name = Frameworks;
			sourceTree = "<group>";
		};
		7665761E29FBA18800B1EC73 = {
			isa = PBXGroup;
			children = (
				7665762929FBA18800B1EC73 /* iOS_messenger */,
				7665762829FBA18800B1EC73 /* Products */,
				91F04B0847F240B715C19200 /* Pods */,
				63D79DC916130D3656FD5497 /* Frameworks */,
			);
			sourceTree = "<group>";
		};
		7665762829FBA18800B1EC73 /* Products */ = {
			isa = PBXGroup;
			children = (
				7665762729FBA18800B1EC73 /* iOS_messenger.app */,
			);
			name = Products;
			sourceTree = "<group>";
		};
		7665762929FBA18800B1EC73 /* iOS_messenger */ = {
			isa = PBXGroup;
			children = (
				763BB34229FE4CD4001D296D /* GoogleService-Info.plist */,
				7665764229FBA20300B1EC73 /* Resources */,
				7665764129FBA1F900B1EC73 /* ViewModels */,
				7665764029FBA1F400B1EC73 /* Models */,
				7665763F29FBA1EF00B1EC73 /* Views */,
				7665763E29FBA1E500B1EC73 /* Controllers */,
				7665763829FBA18A00B1EC73 /* Info.plist */,
			);
			path = iOS_messenger;
			sourceTree = "<group>";
		};
		7665763E29FBA1E500B1EC73 /* Controllers */ = {
			isa = PBXGroup;
			children = (
				7665765029FC45F900B1EC73 /* Login */,
				7665762E29FBA18800B1EC73 /* ConversationsViewController.swift */,
				7665764829FBA34600B1EC73 /* PhotoViewerViewController.swift */,
				7665764A29FBA35B00B1EC73 /* VideoPlayerViewController.swift */,
				7665764C29FBA37E00B1EC73 /* NewConversationViewController.swift */,
				7665764E29FBA39200B1EC73 /* ProfileViewController.swift */,
			);
			path = Controllers;
			sourceTree = "<group>";
		};
		7665763F29FBA1EF00B1EC73 /* Views */ = {
			isa = PBXGroup;
			children = (
				7665764329FBA22700B1EC73 /* Storyboards */,
				7665763029FBA18800B1EC73 /* Main.storyboard */,
				7665763329FBA18A00B1EC73 /* Assets.xcassets */,
				7665763529FBA18A00B1EC73 /* LaunchScreen.storyboard */,
			);
			path = Views;
			sourceTree = "<group>";
		};
		7665764029FBA1F400B1EC73 /* Models */ = {
			isa = PBXGroup;
			children = (
			);
			path = Models;
			sourceTree = "<group>";
		};
		7665764129FBA1F900B1EC73 /* ViewModels */ = {
			isa = PBXGroup;
			children = (
			);
			path = ViewModels;
			sourceTree = "<group>";
		};
		7665764229FBA20300B1EC73 /* Resources */ = {
			isa = PBXGroup;
			children = (
				7665762A29FBA18800B1EC73 /* AppDelegate.swift */,
				7665762C29FBA18800B1EC73 /* SceneDelegate.swift */,
				7665765129FC4F4900B1EC73 /* Extensions.swift */,
			);
			path = Resources;
			sourceTree = "<group>";
		};
		7665764329FBA22700B1EC73 /* Storyboards */ = {
			isa = PBXGroup;
			children = (
			);
			path = Storyboards;
			sourceTree = "<group>";
		};
		7665765029FC45F900B1EC73 /* Login */ = {
			isa = PBXGroup;
			children = (
				7665764429FBA31000B1EC73 /* LoginViewController.swift */,
				7665764629FBA32700B1EC73 /* RegisterViewController.swift */,
			);
			path = Login;
			sourceTree = "<group>";
		};
		91F04B0847F240B715C19200 /* Pods */ = {
			isa = PBXGroup;
			children = (
				EB5020F54F0914A52AAC6E8D /* Pods-iOS_messenger.debug.xcconfig */,
				B53747C71D05F25223AD642C /* Pods-iOS_messenger.release.xcconfig */,
			);
			path = Pods;
			sourceTree = "<group>";
		};
/* End PBXGroup section */

/* Begin PBXNativeTarget section */
		7665762629FBA18800B1EC73 /* iOS_messenger */ = {
			isa = PBXNativeTarget;
			buildConfigurationList = 7665763B29FBA18A00B1EC73 /* Build configuration list for PBXNativeTarget "iOS_messenger" */;
			buildPhases = (
				4B449211AA44C8C62E0FA5CD /* [CP] Check Pods Manifest.lock */,
				7665762329FBA18800B1EC73 /* Sources */,
				7665762429FBA18800B1EC73 /* Frameworks */,
				7665762529FBA18800B1EC73 /* Resources */,
				8278BCBCBC5DE305D0008B6C /* [CP] Embed Pods Frameworks */,
			);
			buildRules = (
			);
			dependencies = (
			);
			name = iOS_messenger;
			productName = iOS_messenger;
			productReference = 7665762729FBA18800B1EC73 /* iOS_messenger.app */;
			productType = "com.apple.product-type.application";
		};
/* End PBXNativeTarget section */

/* Begin PBXProject section */
		7665761F29FBA18800B1EC73 /* Project object */ = {
			isa = PBXProject;
			attributes = {
				BuildIndependentTargetsInParallel = 1;
				LastSwiftUpdateCheck = 1430;
				LastUpgradeCheck = 1430;
				TargetAttributes = {
					7665762629FBA18800B1EC73 = {
						CreatedOnToolsVersion = 14.3;
					};
				};
			};
			buildConfigurationList = 7665762229FBA18800B1EC73 /* Build configuration list for PBXProject "iOS_messenger" */;
			compatibilityVersion = "Xcode 14.0";
			developmentRegion = en;
			hasScannedForEncodings = 0;
			knownRegions = (
				en,
				Base,
			);
			mainGroup = 7665761E29FBA18800B1EC73;
			productRefGroup = 7665762829FBA18800B1EC73 /* Products */;
			projectDirPath = "";
			projectRoot = "";
			targets = (
				7665762629FBA18800B1EC73 /* iOS_messenger */,
			);
		};
/* End PBXProject section */

/* Begin PBXResourcesBuildPhase section */
		7665762529FBA18800B1EC73 /* Resources */ = {
			isa = PBXResourcesBuildPhase;
			buildActionMask = 2147483647;
			files = (
				7665763729FBA18A00B1EC73 /* LaunchScreen.storyboard in Resources */,
				763BB34329FE4CD4001D296D /* GoogleService-Info.plist in Resources */,
				7665763429FBA18A00B1EC73 /* Assets.xcassets in Resources */,
				7665763229FBA18800B1EC73 /* Main.storyboard in Resources */,
			);
			runOnlyForDeploymentPostprocessing = 0;
		};
/* End PBXResourcesBuildPhase section */

/* Begin PBXShellScriptBuildPhase section */
		4B449211AA44C8C62E0FA5CD /* [CP] Check Pods Manifest.lock */ = {
			isa = PBXShellScriptBuildPhase;
			buildActionMask = 2147483647;
			files = (
			);
			inputFileListPaths = (
			);
			inputPaths = (
				"${PODS_PODFILE_DIR_PATH}/Podfile.lock",
				"${PODS_ROOT}/Manifest.lock",
			);
			name = "[CP] Check Pods Manifest.lock";
			outputFileListPaths = (
			);
			outputPaths = (
				"$(DERIVED_FILE_DIR)/Pods-iOS_messenger-checkManifestLockResult.txt",
			);
			runOnlyForDeploymentPostprocessing = 0;
			shellPath = /bin/sh;
			shellScript = "diff \"${PODS_PODFILE_DIR_PATH}/Podfile.lock\" \"${PODS_ROOT}/Manifest.lock\" > /dev/null\nif [ $? != 0 ] ; then\n    # print error to STDERR\n    echo \"error: The sandbox is not in sync with the Podfile.lock. Run 'pod install' or update your CocoaPods installation.\" >&2\n    exit 1\nfi\n# This output is used by Xcode 'outputs' to avoid re-running this script phase.\necho \"SUCCESS\" > \"${SCRIPT_OUTPUT_FILE_0}\"\n";
			showEnvVarsInLog = 0;
		};
		8278BCBCBC5DE305D0008B6C /* [CP] Embed Pods Frameworks */ = {
			isa = PBXShellScriptBuildPhase;
			buildActionMask = 2147483647;
			files = (
			);
			inputFileListPaths = (
				"${PODS_ROOT}/Target Support Files/Pods-iOS_messenger/Pods-iOS_messenger-frameworks-${CONFIGURATION}-input-files.xcfilelist",
			);
			name = "[CP] Embed Pods Frameworks";
			outputFileListPaths = (
				"${PODS_ROOT}/Target Support Files/Pods-iOS_messenger/Pods-iOS_messenger-frameworks-${CONFIGURATION}-output-files.xcfilelist",
			);
			runOnlyForDeploymentPostprocessing = 0;
			shellPath = /bin/sh;
			shellScript = "\"${PODS_ROOT}/Target Support Files/Pods-iOS_messenger/Pods-iOS_messenger-frameworks.sh\"\n";
			showEnvVarsInLog = 0;
		};
/* End PBXShellScriptBuildPhase section */

/* Begin PBXSourcesBuildPhase section */
		7665762329FBA18800B1EC73 /* Sources */ = {
			isa = PBXSourcesBuildPhase;
			buildActionMask = 2147483647;
			files = (
				7665764529FBA31000B1EC73 /* LoginViewController.swift in Sources */,
				7665764729FBA32700B1EC73 /* RegisterViewController.swift in Sources */,
				7665764D29FBA37E00B1EC73 /* NewConversationViewController.swift in Sources */,
				7665762F29FBA18800B1EC73 /* ConversationsViewController.swift in Sources */,
				7665764B29FBA35B00B1EC73 /* VideoPlayerViewController.swift in Sources */,
				7665765229FC4F4900B1EC73 /* Extensions.swift in Sources */,
				7665762B29FBA18800B1EC73 /* AppDelegate.swift in Sources */,
				7665764F29FBA39200B1EC73 /* ProfileViewController.swift in Sources */,
				7665762D29FBA18800B1EC73 /* SceneDelegate.swift in Sources */,
				7665764929FBA34600B1EC73 /* PhotoViewerViewController.swift in Sources */,
			);
			runOnlyForDeploymentPostprocessing = 0;
		};
/* End PBXSourcesBuildPhase section */

/* Begin PBXVariantGroup section */
		7665763029FBA18800B1EC73 /* Main.storyboard */ = {
			isa = PBXVariantGroup;
			children = (
				7665763129FBA18800B1EC73 /* Base */,
			);
			name = Main.storyboard;
			sourceTree = "<group>";
		};
		7665763529FBA18A00B1EC73 /* LaunchScreen.storyboard */ = {
			isa = PBXVariantGroup;
			children = (
				7665763629FBA18A00B1EC73 /* Base */,
			);
			name = LaunchScreen.storyboard;
			sourceTree = "<group>";
		};
/* End PBXVariantGroup section */

/* Begin XCBuildConfiguration section */
		7665763929FBA18A00B1EC73 /* Debug */ = {
			isa = XCBuildConfiguration;
			buildSettings = {
				ALWAYS_SEARCH_USER_PATHS = NO;
				CLANG_ANALYZER_NONNULL = YES;
				CLANG_ANALYZER_NUMBER_OBJECT_CONVERSION = YES_AGGRESSIVE;
				CLANG_CXX_LANGUAGE_STANDARD = "gnu++20";
				CLANG_ENABLE_MODULES = YES;
				CLANG_ENABLE_OBJC_ARC = YES;
				CLANG_ENABLE_OBJC_WEAK = YES;
				CLANG_WARN_BLOCK_CAPTURE_AUTORELEASING = YES;
				CLANG_WARN_BOOL_CONVERSION = YES;
				CLANG_WARN_COMMA = YES;
				CLANG_WARN_CONSTANT_CONVERSION = YES;
				CLANG_WARN_DEPRECATED_OBJC_IMPLEMENTATIONS = YES;
				CLANG_WARN_DIRECT_OBJC_ISA_USAGE = YES_ERROR;
				CLANG_WARN_DOCUMENTATION_COMMENTS = YES;
				CLANG_WARN_EMPTY_BODY = YES;
				CLANG_WARN_ENUM_CONVERSION = YES;
				CLANG_WARN_INFINITE_RECURSION = YES;
				CLANG_WARN_INT_CONVERSION = YES;
				CLANG_WARN_NON_LITERAL_NULL_CONVERSION = YES;
				CLANG_WARN_OBJC_IMPLICIT_RETAIN_SELF = YES;
				CLANG_WARN_OBJC_LITERAL_CONVERSION = YES;
				CLANG_WARN_OBJC_ROOT_CLASS = YES_ERROR;
				CLANG_WARN_QUOTED_INCLUDE_IN_FRAMEWORK_HEADER = YES;
				CLANG_WARN_RANGE_LOOP_ANALYSIS = YES;
				CLANG_WARN_STRICT_PROTOTYPES = YES;
				CLANG_WARN_SUSPICIOUS_MOVE = YES;
				CLANG_WARN_UNGUARDED_AVAILABILITY = YES_AGGRESSIVE;
				CLANG_WARN_UNREACHABLE_CODE = YES;
				CLANG_WARN__DUPLICATE_METHOD_MATCH = YES;
				COPY_PHASE_STRIP = NO;
				DEBUG_INFORMATION_FORMAT = dwarf;
				ENABLE_STRICT_OBJC_MSGSEND = YES;
				ENABLE_TESTABILITY = YES;
				GCC_C_LANGUAGE_STANDARD = gnu11;
				GCC_DYNAMIC_NO_PIC = NO;
				GCC_NO_COMMON_BLOCKS = YES;
				GCC_OPTIMIZATION_LEVEL = 0;
				GCC_PREPROCESSOR_DEFINITIONS = (
					"DEBUG=1",
					"$(inherited)",
				);
				GCC_WARN_64_TO_32_BIT_CONVERSION = YES;
				GCC_WARN_ABOUT_RETURN_TYPE = YES_ERROR;
				GCC_WARN_UNDECLARED_SELECTOR = YES;
				GCC_WARN_UNINITIALIZED_AUTOS = YES_AGGRESSIVE;
				GCC_WARN_UNUSED_FUNCTION = YES;
				GCC_WARN_UNUSED_VARIABLE = YES;
				IPHONEOS_DEPLOYMENT_TARGET = 16.4;
				MTL_ENABLE_DEBUG_INFO = INCLUDE_SOURCE;
				MTL_FAST_MATH = YES;
				ONLY_ACTIVE_ARCH = YES;
				SDKROOT = iphoneos;
				SWIFT_ACTIVE_COMPILATION_CONDITIONS = DEBUG;
				SWIFT_OPTIMIZATION_LEVEL = "-Onone";
			};
			name = Debug;
		};
		7665763A29FBA18A00B1EC73 /* Release */ = {
			isa = XCBuildConfiguration;
			buildSettings = {
				ALWAYS_SEARCH_USER_PATHS = NO;
				CLANG_ANALYZER_NONNULL = YES;
				CLANG_ANALYZER_NUMBER_OBJECT_CONVERSION = YES_AGGRESSIVE;
				CLANG_CXX_LANGUAGE_STANDARD = "gnu++20";
				CLANG_ENABLE_MODULES = YES;
				CLANG_ENABLE_OBJC_ARC = YES;
				CLANG_ENABLE_OBJC_WEAK = YES;
				CLANG_WARN_BLOCK_CAPTURE_AUTORELEASING = YES;
				CLANG_WARN_BOOL_CONVERSION = YES;
				CLANG_WARN_COMMA = YES;
				CLANG_WARN_CONSTANT_CONVERSION = YES;
				CLANG_WARN_DEPRECATED_OBJC_IMPLEMENTATIONS = YES;
				CLANG_WARN_DIRECT_OBJC_ISA_USAGE = YES_ERROR;
				CLANG_WARN_DOCUMENTATION_COMMENTS = YES;
				CLANG_WARN_EMPTY_BODY = YES;
				CLANG_WARN_ENUM_CONVERSION = YES;
				CLANG_WARN_INFINITE_RECURSION = YES;
				CLANG_WARN_INT_CONVERSION = YES;
				CLANG_WARN_NON_LITERAL_NULL_CONVERSION = YES;
				CLANG_WARN_OBJC_IMPLICIT_RETAIN_SELF = YES;
				CLANG_WARN_OBJC_LITERAL_CONVERSION = YES;
				CLANG_WARN_OBJC_ROOT_CLASS = YES_ERROR;
				CLANG_WARN_QUOTED_INCLUDE_IN_FRAMEWORK_HEADER = YES;
				CLANG_WARN_RANGE_LOOP_ANALYSIS = YES;
				CLANG_WARN_STRICT_PROTOTYPES = YES;
				CLANG_WARN_SUSPICIOUS_MOVE = YES;
				CLANG_WARN_UNGUARDED_AVAILABILITY = YES_AGGRESSIVE;
				CLANG_WARN_UNREACHABLE_CODE = YES;
				CLANG_WARN__DUPLICATE_METHOD_MATCH = YES;
				COPY_PHASE_STRIP = NO;
				DEBUG_INFORMATION_FORMAT = "dwarf-with-dsym";
				ENABLE_NS_ASSERTIONS = NO;
				ENABLE_STRICT_OBJC_MSGSEND = YES;
				GCC_C_LANGUAGE_STANDARD = gnu11;
				GCC_NO_COMMON_BLOCKS = YES;
				GCC_WARN_64_TO_32_BIT_CONVERSION = YES;
				GCC_WARN_ABOUT_RETURN_TYPE = YES_ERROR;
				GCC_WARN_UNDECLARED_SELECTOR = YES;
				GCC_WARN_UNINITIALIZED_AUTOS = YES_AGGRESSIVE;
				GCC_WARN_UNUSED_FUNCTION = YES;
				GCC_WARN_UNUSED_VARIABLE = YES;
				IPHONEOS_DEPLOYMENT_TARGET = 16.4;
				MTL_ENABLE_DEBUG_INFO = NO;
				MTL_FAST_MATH = YES;
				SDKROOT = iphoneos;
				SWIFT_COMPILATION_MODE = wholemodule;
				SWIFT_OPTIMIZATION_LEVEL = "-O";
				VALIDATE_PRODUCT = YES;
			};
			name = Release;
		};
		7665763C29FBA18A00B1EC73 /* Debug */ = {
			isa = XCBuildConfiguration;
			baseConfigurationReference = EB5020F54F0914A52AAC6E8D /* Pods-iOS_messenger.debug.xcconfig */;
			buildSettings = {
				ASSETCATALOG_COMPILER_APPICON_NAME = AppIcon;
				ASSETCATALOG_COMPILER_GLOBAL_ACCENT_COLOR_NAME = AccentColor;
				CODE_SIGN_STYLE = Automatic;
				CURRENT_PROJECT_VERSION = 1;
				DEVELOPMENT_TEAM = TNSB3R5UCN;
				GENERATE_INFOPLIST_FILE = YES;
				INFOPLIST_FILE = iOS_messenger/Info.plist;
				INFOPLIST_KEY_UIApplicationSupportsIndirectInputEvents = YES;
				INFOPLIST_KEY_UILaunchStoryboardName = LaunchScreen;
				INFOPLIST_KEY_UIMainStoryboardFile = Main;
				INFOPLIST_KEY_UISupportedInterfaceOrientations = UIInterfaceOrientationPortrait;
				INFOPLIST_KEY_UISupportedInterfaceOrientations_iPad = "UIInterfaceOrientationPortrait UIInterfaceOrientationPortraitUpsideDown";
				IPHONEOS_DEPLOYMENT_TARGET = 13.0;
				LD_RUNPATH_SEARCH_PATHS = (
					"$(inherited)",
					"@executable_path/Frameworks",
				);
				MARKETING_VERSION = 1.0;
				PRODUCT_BUNDLE_IDENTIFIER = "com.taimingl.iOS-messenger";
				PRODUCT_NAME = "$(TARGET_NAME)";
				SWIFT_EMIT_LOC_STRINGS = YES;
				SWIFT_VERSION = 5.0;
				TARGETED_DEVICE_FAMILY = "1,2";
			};
			name = Debug;
		};
		7665763D29FBA18A00B1EC73 /* Release */ = {
			isa = XCBuildConfiguration;
			baseConfigurationReference = B53747C71D05F25223AD642C /* Pods-iOS_messenger.release.xcconfig */;
			buildSettings = {
				ASSETCATALOG_COMPILER_APPICON_NAME = AppIcon;
				ASSETCATALOG_COMPILER_GLOBAL_ACCENT_COLOR_NAME = AccentColor;
				CODE_SIGN_STYLE = Automatic;
				CURRENT_PROJECT_VERSION = 1;
				DEVELOPMENT_TEAM = TNSB3R5UCN;
				GENERATE_INFOPLIST_FILE = YES;
				INFOPLIST_FILE = iOS_messenger/Info.plist;
				INFOPLIST_KEY_UIApplicationSupportsIndirectInputEvents = YES;
				INFOPLIST_KEY_UILaunchStoryboardName = LaunchScreen;
				INFOPLIST_KEY_UIMainStoryboardFile = Main;
				INFOPLIST_KEY_UISupportedInterfaceOrientations = UIInterfaceOrientationPortrait;
				INFOPLIST_KEY_UISupportedInterfaceOrientations_iPad = "UIInterfaceOrientationPortrait UIInterfaceOrientationPortraitUpsideDown";
				IPHONEOS_DEPLOYMENT_TARGET = 13.0;
				LD_RUNPATH_SEARCH_PATHS = (
					"$(inherited)",
					"@executable_path/Frameworks",
				);
				MARKETING_VERSION = 1.0;
				PRODUCT_BUNDLE_IDENTIFIER = "com.taimingl.iOS-messenger";
				PRODUCT_NAME = "$(TARGET_NAME)";
				SWIFT_EMIT_LOC_STRINGS = YES;
				SWIFT_VERSION = 5.0;
				TARGETED_DEVICE_FAMILY = "1,2";
			};
			name = Release;
		};
/* End XCBuildConfiguration section */

/* Begin XCConfigurationList section */
		7665762229FBA18800B1EC73 /* Build configuration list for PBXProject "iOS_messenger" */ = {
			isa = XCConfigurationList;
			buildConfigurations = (
				7665763929FBA18A00B1EC73 /* Debug */,
				7665763A29FBA18A00B1EC73 /* Release */,
			);
			defaultConfigurationIsVisible = 0;
			defaultConfigurationName = Release;
		};
		7665763B29FBA18A00B1EC73 /* Build configuration list for PBXNativeTarget "iOS_messenger" */ = {
			isa = XCConfigurationList;
			buildConfigurations = (
				7665763C29FBA18A00B1EC73 /* Debug */,
				7665763D29FBA18A00B1EC73 /* Release */,
			);
			defaultConfigurationIsVisible = 0;
			defaultConfigurationName = Release;
		};
/* End XCConfigurationList section */
	};
	rootObject = 7665761F29FBA18800B1EC73 /* Project object */;
}
